
Microsoft Visual Studio Solution File, Format Version 12.00
# Visual Studio Version 16
VisualStudioVersion = 25.0.1706.1
MinimumVisualStudioVersion = 10.0.40219.1
Project("{FAE04EC0-301F-11D3-BF4B-00C04F79EFBC}") = "LondonHeathrow.Pa.Web", "LondonHeathrow.Pa.Web\LondonHeathrow.Pa.Web.csproj", "{2E3C3A6D-52A9-44F8-9333-75D3E2F1B367}"
EndProject
Project("{FAE04EC0-301F-11D3-BF4B-00C04F79EFBC}") = "LondoHeathrow.Pa.Device", "LondoHeathrow.Pa.Device\LondoHeathrow.Pa.Device.csproj", "{D219A365-5E70-40C5-AC58-8A4457B920F7}"
EndProject
Global
	GlobalSection(SolutionConfigurationPlatforms) = preSolution
		Debug|Any CPU = Debug|Any CPU
		Release|Any CPU = Release|Any CPU
	EndGlobalSection
	GlobalSection(ProjectConfigurationPlatforms) = postSolution
		{2E3C3A6D-52A9-44F8-9333-75D3E2F1B367}.Debug|Any CPU.ActiveCfg = Debug|Any CPU
		{2E3C3A6D-52A9-44F8-9333-75D3E2F1B367}.Debug|Any CPU.Build.0 = Debug|Any CPU
		{2E3C3A6D-52A9-44F8-9333-75D3E2F1B367}.Release|Any CPU.ActiveCfg = Release|Any CPU
		{2E3C3A6D-52A9-44F8-9333-75D3E2F1B367}.Release|Any CPU.Build.0 = Release|Any CPU
		{D219A365-5E70-40C5-AC58-8A4457B920F7}.Debug|Any CPU.ActiveCfg = Debug|Any CPU
		{D219A365-5E70-40C5-AC58-8A4457B920F7}.Debug|Any CPU.Build.0 = Debug|Any CPU
		{D219A365-5E70-40C5-AC58-8A4457B920F7}.Release|Any CPU.ActiveCfg = Release|Any CPU
		{D219A365-5E70-40C5-AC58-8A4457B920F7}.Release|Any CPU.Build.0 = Release|Any CPU
	EndGlobalSection
	GlobalSection(SolutionProperties) = preSolution
		HideSolutionNode = FALSE
	EndGlobalSection
	GlobalSection(ExtensibilityGlobals) = postSolution
		SolutionGuid = {37E8C7FF-2CEB-4072-9212-065A5252C0A2}
	EndGlobalSection
EndGlobal
